// !$*UTF8*$!
{
	archiveVersion = 1;
	classes = {
	};
	objectVersion = 46;
	objects = {

/* Begin PBXBuildFile section */
		C94767341CC3230E00A6AF0E /* ReAFQueryStringPair.m in Sources */ = {isa = PBXBuildFile; fileRef = C94767331CC3230E00A6AF0E /* ReAFQueryStringPair.m */; };
		C94767371CC327C700A6AF0E /* ReAFHTTPRequestSerializer.m in Sources */ = {isa = PBXBuildFile; fileRef = C94767361CC327C700A6AF0E /* ReAFHTTPRequestSerializer.m */; };
		C9EB18F61CBFD93600340663 /* main.m in Sources */ = {isa = PBXBuildFile; fileRef = C9EB18F51CBFD93600340663 /* main.m */; };
		C9EB18F91CBFD93600340663 /* AppDelegate.m in Sources */ = {isa = PBXBuildFile; fileRef = C9EB18F81CBFD93600340663 /* AppDelegate.m */; };
		C9EB19011CBFD93600340663 /* Assets.xcassets in Resources */ = {isa = PBXBuildFile; fileRef = C9EB19001CBFD93600340663 /* Assets.xcassets */; };
		C9EB190E1CBFD98200340663 /* MainViewController.m in Sources */ = {isa = PBXBuildFile; fileRef = C9EB190C1CBFD98200340663 /* MainViewController.m */; };
		C9EB190F1CBFD98200340663 /* MainViewController.xib in Resources */ = {isa = PBXBuildFile; fileRef = C9EB190D1CBFD98200340663 /* MainViewController.xib */; };
		D798437484D388E93FE73DF5 /* libPods.a in Frameworks */ = {isa = PBXBuildFile; fileRef = 388693DCF7D7A71E94681907 /* libPods.a */; };
/* End PBXBuildFile section */

/* Begin PBXFileReference section */
		0B8F910BB0007910BF097EA5 /* Pods.debug.xcconfig */ = {isa = PBXFileReference; includeInIndex = 1; lastKnownFileType = text.xcconfig; name = Pods.debug.xcconfig; path = "Pods/Target Support Files/Pods/Pods.debug.xcconfig"; sourceTree = "<group>"; };
		106FD245DA27BA28B0DDB05F /* Pods.release.xcconfig */ = {isa = PBXFileReference; includeInIndex = 1; lastKnownFileType = text.xcconfig; name = Pods.release.xcconfig; path = "Pods/Target Support Files/Pods/Pods.release.xcconfig"; sourceTree = "<group>"; };
		388693DCF7D7A71E94681907 /* libPods.a */ = {isa = PBXFileReference; explicitFileType = archive.ar; includeInIndex = 0; path = libPods.a; sourceTree = BUILT_PRODUCTS_DIR; };
		C94767321CC3230E00A6AF0E /* ReAFQueryStringPair.h */ = {isa = PBXFileReference; fileEncoding = 4; lastKnownFileType = sourcecode.c.h; path = ReAFQueryStringPair.h; sourceTree = "<group>"; };
		C94767331CC3230E00A6AF0E /* ReAFQueryStringPair.m */ = {isa = PBXFileReference; fileEncoding = 4; lastKnownFileType = sourcecode.c.objc; path = ReAFQueryStringPair.m; sourceTree = "<group>"; };
		C94767351CC327C700A6AF0E /* ReAFHTTPRequestSerializer.h */ = {isa = PBXFileReference; fileEncoding = 4; lastKnownFileType = sourcecode.c.h; path = ReAFHTTPRequestSerializer.h; sourceTree = "<group>"; };
		C94767361CC327C700A6AF0E /* ReAFHTTPRequestSerializer.m */ = {isa = PBXFileReference; fileEncoding = 4; lastKnownFileType = sourcecode.c.objc; path = ReAFHTTPRequestSerializer.m; sourceTree = "<group>"; };
		C9EB18F11CBFD93600340663 /* RXReAFNetworkingExample.app */ = {isa = PBXFileReference; explicitFileType = wrapper.application; includeInIndex = 0; path = RXReAFNetworkingExample.app; sourceTree = BUILT_PRODUCTS_DIR; };
		C9EB18F51CBFD93600340663 /* main.m */ = {isa = PBXFileReference; lastKnownFileType = sourcecode.c.objc; path = main.m; sourceTree = "<group>"; };
		C9EB18F71CBFD93600340663 /* AppDelegate.h */ = {isa = PBXFileReference; lastKnownFileType = sourcecode.c.h; path = AppDelegate.h; sourceTree = "<group>"; };
		C9EB18F81CBFD93600340663 /* AppDelegate.m */ = {isa = PBXFileReference; lastKnownFileType = sourcecode.c.objc; path = AppDelegate.m; sourceTree = "<group>"; };
		C9EB19001CBFD93600340663 /* Assets.xcassets */ = {isa = PBXFileReference; lastKnownFileType = folder.assetcatalog; path = Assets.xcassets; sourceTree = "<group>"; };
		C9EB19051CBFD93600340663 /* Info.plist */ = {isa = PBXFileReference; lastKnownFileType = text.plist.xml; path = Info.plist; sourceTree = "<group>"; };
		C9EB190B1CBFD98200340663 /* MainViewController.h */ = {isa = PBXFileReference; fileEncoding = 4; lastKnownFileType = sourcecode.c.h; path = MainViewController.h; sourceTree = "<group>"; };
		C9EB190C1CBFD98200340663 /* MainViewController.m */ = {isa = PBXFileReference; fileEncoding = 4; lastKnownFileType = sourcecode.c.objc; path = MainViewController.m; sourceTree = "<group>"; };
		C9EB190D1CBFD98200340663 /* MainViewController.xib */ = {isa = PBXFileReference; fileEncoding = 4; lastKnownFileType = file.xib; path = MainViewController.xib; sourceTree = "<group>"; };
/* End PBXFileReference section */

/* Begin PBXFrameworksBuildPhase section */
		C9EB18EE1CBFD93600340663 /* Frameworks */ = {
			isa = PBXFrameworksBuildPhase;
			buildActionMask = 2147483647;
			files = (
				D798437484D388E93FE73DF5 /* libPods.a in Frameworks */,
			);
			runOnlyForDeploymentPostprocessing = 0;
		};
/* End PBXFrameworksBuildPhase section */

/* Begin PBXGroup section */
		5736DF0BC40B22C2F0805794 /* Pods */ = {
			isa = PBXGroup;
			children = (
				0B8F910BB0007910BF097EA5 /* Pods.debug.xcconfig */,
				106FD245DA27BA28B0DDB05F /* Pods.release.xcconfig */,
			);
			name = Pods;
			sourceTree = "<group>";
		};
		C94767311CC322F300A6AF0E /* Part */ = {
			isa = PBXGroup;
			children = (
				C94767321CC3230E00A6AF0E /* ReAFQueryStringPair.h */,
				C94767331CC3230E00A6AF0E /* ReAFQueryStringPair.m */,
				C94767351CC327C700A6AF0E /* ReAFHTTPRequestSerializer.h */,
				C94767361CC327C700A6AF0E /* ReAFHTTPRequestSerializer.m */,
			);
			path = Part;
			sourceTree = "<group>";
		};
		C9EB18E81CBFD93600340663 = {
			isa = PBXGroup;
			children = (
				C9EB18F31CBFD93600340663 /* RXReAFNetworkingExample */,
				C9EB18F21CBFD93600340663 /* Products */,
				5736DF0BC40B22C2F0805794 /* Pods */,
				D3A2673D71FBE27FE64240B0 /* Frameworks */,
			);
			sourceTree = "<group>";
		};
		C9EB18F21CBFD93600340663 /* Products */ = {
			isa = PBXGroup;
			children = (
				C9EB18F11CBFD93600340663 /* RXReAFNetworkingExample.app */,
			);
			name = Products;
			sourceTree = "<group>";
		};
		C9EB18F31CBFD93600340663 /* RXReAFNetworkingExample */ = {
			isa = PBXGroup;
			children = (
				C94767311CC322F300A6AF0E /* Part */,
				C9EB18F71CBFD93600340663 /* AppDelegate.h */,
				C9EB18F81CBFD93600340663 /* AppDelegate.m */,
				C9EB19001CBFD93600340663 /* Assets.xcassets */,
				C9EB19051CBFD93600340663 /* Info.plist */,
				C9EB18F41CBFD93600340663 /* Supporting Files */,
				C9EB190B1CBFD98200340663 /* MainViewController.h */,
				C9EB190C1CBFD98200340663 /* MainViewController.m */,
				C9EB190D1CBFD98200340663 /* MainViewController.xib */,
			);
			path = RXReAFNetworkingExample;
			sourceTree = "<group>";
		};
		C9EB18F41CBFD93600340663 /* Supporting Files */ = {
			isa = PBXGroup;
			children = (
				C9EB18F51CBFD93600340663 /* main.m */,
			);
			name = "Supporting Files";
			sourceTree = "<group>";
		};
		D3A2673D71FBE27FE64240B0 /* Frameworks */ = {
			isa = PBXGroup;
			children = (
				388693DCF7D7A71E94681907 /* libPods.a */,
			);
			name = Frameworks;
			sourceTree = "<group>";
		};
/* End PBXGroup section */

/* Begin PBXNativeTarget section */
		C9EB18F01CBFD93600340663 /* RXReAFNetworkingExample */ = {
			isa = PBXNativeTarget;
			buildConfigurationList = C9EB19081CBFD93600340663 /* Build configuration list for PBXNativeTarget "RXReAFNetworkingExample" */;
			buildPhases = (
				B1B0BCB6D88E2BDE131D7939 /* Check Pods Manifest.lock */,
				C9EB18ED1CBFD93600340663 /* Sources */,
				C9EB18EE1CBFD93600340663 /* Frameworks */,
				C9EB18EF1CBFD93600340663 /* Resources */,
				ADD85BCC92BAF98BAAC6BDEE /* Embed Pods Frameworks */,
				838C50BE4A59B77E6F1F0750 /* Copy Pods Resources */,
			);
			buildRules = (
			);
			dependencies = (
			);
			name = RXReAFNetworkingExample;
			productName = RXReAFNetworkingExample;
			productReference = C9EB18F11CBFD93600340663 /* RXReAFNetworkingExample.app */;
			productType = "com.apple.product-type.application";
		};
/* End PBXNativeTarget section */

/* Begin PBXProject section */
		C9EB18E91CBFD93600340663 /* Project object */ = {
			isa = PBXProject;
			attributes = {
				LastUpgradeCheck = 0720;
				ORGANIZATIONNAME = Rush;
				TargetAttributes = {
					C9EB18F01CBFD93600340663 = {
						CreatedOnToolsVersion = 7.2.1;
					};
				};
			};
			buildConfigurationList = C9EB18EC1CBFD93600340663 /* Build configuration list for PBXProject "RXReAFNetworkingExample" */;
			compatibilityVersion = "Xcode 3.2";
			developmentRegion = English;
			hasScannedForEncodings = 0;
			knownRegions = (
				en,
				Base,
			);
			mainGroup = C9EB18E81CBFD93600340663;
			productRefGroup = C9EB18F21CBFD93600340663 /* Products */;
			projectDirPath = "";
			projectRoot = "";
			targets = (
				C9EB18F01CBFD93600340663 /* RXReAFNetworkingExample */,
			);
		};
/* End PBXProject section */

/* Begin PBXResourcesBuildPhase section */
		C9EB18EF1CBFD93600340663 /* Resources */ = {
			isa = PBXResourcesBuildPhase;
			buildActionMask = 2147483647;
			files = (
				C9EB19011CBFD93600340663 /* Assets.xcassets in Resources */,
				C9EB190F1CBFD98200340663 /* MainViewController.xib in Resources */,
			);
			runOnlyForDeploymentPostprocessing = 0;
		};
/* End PBXResourcesBuildPhase section */

/* Begin PBXShellScriptBuildPhase section */
		838C50BE4A59B77E6F1F0750 /* Copy Pods Resources */ = {
			isa = PBXShellScriptBuildPhase;
			buildActionMask = 2147483647;
			files = (
			);
			inputPaths = (
			);
			name = "Copy Pods Resources";
			outputPaths = (
			);
			runOnlyForDeploymentPostprocessing = 0;
			shellPath = /bin/sh;
			shellScript = "\"${SRCROOT}/Pods/Target Support Files/Pods/Pods-resources.sh\"\n";
			showEnvVarsInLog = 0;
		};
		ADD85BCC92BAF98BAAC6BDEE /* Embed Pods Frameworks */ = {
			isa = PBXShellScriptBuildPhase;
			buildActionMask = 2147483647;
			files = (
			);
			inputPaths = (
			);
			name = "Embed Pods Frameworks";
			outputPaths = (
			);
			runOnlyForDeploymentPostprocessing = 0;
			shellPath = /bin/sh;
			shellScript = "\"${SRCROOT}/Pods/Target Support Files/Pods/Pods-frameworks.sh\"\n";
			showEnvVarsInLog = 0;
		};
		B1B0BCB6D88E2BDE131D7939 /* Check Pods Manifest.lock */ = {
			isa = PBXShellScriptBuildPhase;
			buildActionMask = 2147483647;
			files = (
			);
			inputPaths = (
			);
			name = "Check Pods Manifest.lock";
			outputPaths = (
			);
			runOnlyForDeploymentPostprocessing = 0;
			shellPath = /bin/sh;
			shellScript = "diff \"${PODS_ROOT}/../Podfile.lock\" \"${PODS_ROOT}/Manifest.lock\" > /dev/null\nif [[ $? != 0 ]] ; then\n    cat << EOM\nerror: The sandbox is not in sync with the Podfile.lock. Run 'pod install' or update your CocoaPods installation.\nEOM\n    exit 1\nfi\n";
			showEnvVarsInLog = 0;
		};
/* End PBXShellScriptBuildPhase section */

/* Begin PBXSourcesBuildPhase section */
		C9EB18ED1CBFD93600340663 /* Sources */ = {
			isa = PBXSourcesBuildPhase;
			buildActionMask = 2147483647;
			files = (
				C9EB18F91CBFD93600340663 /* AppDelegate.m in Sources */,
				C94767371CC327C700A6AF0E /* ReAFHTTPRequestSerializer.m in Sources */,
				C9EB190E1CBFD98200340663 /* MainViewController.m in Sources */,
				C9EB18F61CBFD93600340663 /* main.m in Sources */,
				C94767341CC3230E00A6AF0E /* ReAFQueryStringPair.m in Sources */,
			);
			runOnlyForDeploymentPostprocessing = 0;
		};
/* End PBXSourcesBuildPhase section */

/* Begin XCBuildConfiguration section */
		C9EB19061CBFD93600340663 /* Debug */ = {
			isa = XCBuildConfiguration;
			buildSettings = {
				ALWAYS_SEARCH_USER_PATHS = NO;
				CLANG_CXX_LANGUAGE_STANDARD = "gnu++0x";
				CLANG_CXX_LIBRARY = "libc++";
				CLANG_ENABLE_MODULES = YES;
				CLANG_ENABLE_OBJC_ARC = YES;
				CLANG_WARN_BOOL_CONVERSION = YES;
				CLANG_WARN_CONSTANT_CONVERSION = YES;
				CLANG_WARN_DIRECT_OBJC_ISA_USAGE = YES_ERROR;
				CLANG_WARN_EMPTY_BODY = YES;
				CLANG_WARN_ENUM_CONVERSION = YES;
				CLANG_WARN_INT_CONVERSION = YES;
				CLANG_WARN_OBJC_ROOT_CLASS = YES_ERROR;
				CLANG_WARN_UNREACHABLE_CODE = YES;
				CLANG_WARN__DUPLICATE_METHOD_MATCH = YES;
				"CODE_SIGN_IDENTITY[sdk=iphoneos*]" = "iPhone Developer";
				COPY_PHASE_STRIP = NO;
				DEBUG_INFORMATION_FORMAT = dwarf;
				ENABLE_STRICT_OBJC_MSGSEND = YES;
				ENABLE_TESTABILITY = YES;
				GCC_C_LANGUAGE_STANDARD = gnu99;
				GCC_DYNAMIC_NO_PIC = NO;
				GCC_NO_COMMON_BLOCKS = YES;
				GCC_OPTIMIZATION_LEVEL = 0;
				GCC_PREPROCESSOR_DEFINITIONS = (
					"DEBUG=1",
					"$(inherited)",
				);
				GCC_WARN_64_TO_32_BIT_CONVERSION = YES;
				GCC_WARN_ABOUT_RETURN_TYPE = YES_ERROR;
				GCC_WARN_UNDECLARED_SELECTOR = YES;
				GCC_WARN_UNINITIALIZED_AUTOS = YES_AGGRESSIVE;
				GCC_WARN_UNUSED_FUNCTION = YES;
				GCC_WARN_UNUSED_VARIABLE = YES;
				IPHONEOS_DEPLOYMENT_TARGET = 9.2;
				MTL_ENABLE_DEBUG_INFO = YES;
				ONLY_ACTIVE_ARCH = YES;
				SDKROOT = iphoneos;
				TARGETED_DEVICE_FAMILY = "1,2";
			};
			name = Debug;
		};
		C9EB19071CBFD93600340663 /* Release */ = {
			isa = XCBuildConfiguration;
			buildSettings = {
				ALWAYS_SEARCH_USER_PATHS = NO;
				CLANG_CXX_LANGUAGE_STANDARD = "gnu++0x";
				CLANG_CXX_LIBRARY = "libc++";
				CLANG_ENABLE_MODULES = YES;
				CLANG_ENABLE_OBJC_ARC = YES;
				CLANG_WARN_BOOL_CONVERSION = YES;
				CLANG_WARN_CONSTANT_CONVERSION = YES;
				CLANG_WARN_DIRECT_OBJC_ISA_USAGE = YES_ERROR;
				CLANG_WARN_EMPTY_BODY = YES;
				CLANG_WARN_ENUM_CONVERSION = YES;
				CLANG_WARN_INT_CONVERSION = YES;
				CLANG_WARN_OBJC_ROOT_CLASS = YES_ERROR;
				CLANG_WARN_UNREACHABLE_CODE = YES;
				CLANG_WARN__DUPLICATE_METHOD_MATCH = YES;
				"CODE_SIGN_IDENTITY[sdk=iphoneos*]" = "iPhone Developer";
				COPY_PHASE_STRIP = NO;
				DEBUG_INFORMATION_FORMAT = "dwarf-with-dsym";
				ENABLE_NS_ASSERTIONS = NO;
				ENABLE_STRICT_OBJC_MSGSEND = YES;
				GCC_C_LANGUAGE_STANDARD = gnu99;
				GCC_NO_COMMON_BLOCKS = YES;
				GCC_WARN_64_TO_32_BIT_CONVERSION = YES;
				GCC_WARN_ABOUT_RETURN_TYPE = YES_ERROR;
				GCC_WARN_UNDECLARED_SELECTOR = YES;
				GCC_WARN_UNINITIALIZED_AUTOS = YES_AGGRESSIVE;
				GCC_WARN_UNUSED_FUNCTION = YES;
				GCC_WARN_UNUSED_VARIABLE = YES;
				IPHONEOS_DEPLOYMENT_TARGET = 9.2;
				MTL_ENABLE_DEBUG_INFO = NO;
				SDKROOT = iphoneos;
				TARGETED_DEVICE_FAMILY = "1,2";
				VALIDATE_PRODUCT = YES;
			};
			name = Release;
		};
		C9EB19091CBFD93600340663 /* Debug */ = {
			isa = XCBuildConfiguration;
			baseConfigurationReference = 0B8F910BB0007910BF097EA5 /* Pods.debug.xcconfig */;
			buildSettings = {
				ASSETCATALOG_COMPILER_APPICON_NAME = AppIcon;
				ASSETCATALOG_COMPILER_LAUNCHIMAGE_NAME = LaunchImage;
				INFOPLIST_FILE = RXReAFNetworkingExample/Info.plist;
				IPHONEOS_DEPLOYMENT_TARGET = 7.0;
				LD_RUNPATH_SEARCH_PATHS = "$(inherited) @executable_path/Frameworks";
				PRODUCT_BUNDLE_IDENTIFIER = com.Rush.RXReAFNetworkingExample;
				PRODUCT_NAME = "$(TARGET_NAME)";
				TARGETED_DEVICE_FAMILY = 1;
			};
			name = Debug;
		};
		C9EB190A1CBFD93600340663 /* Release */ = {
			isa = XCBuildConfiguration;
			baseConfigurationReference = 106FD245DA27BA28B0DDB05F /* Pods.release.xcconfig */;
			buildSettings = {
				ASSETCATALOG_COMPILER_APPICON_NAME = AppIcon;
				ASSETCATALOG_COMPILER_LAUNCHIMAGE_NAME = LaunchImage;
				INFOPLIST_FILE = RXReAFNetworkingExample/Info.plist;
				IPHONEOS_DEPLOYMENT_TARGET = 7.0;
				LD_RUNPATH_SEARCH_PATHS = "$(inherited) @executable_path/Frameworks";
				PRODUCT_BUNDLE_IDENTIFIER = com.Rush.RXReAFNetworkingExample;
				PRODUCT_NAME = "$(TARGET_NAME)";
				TARGETED_DEVICE_FAMILY = 1;
			};
			name = Release;
		};
/* End XCBuildConfiguration section */

/* Begin XCConfigurationList section */
		C9EB18EC1CBFD93600340663 /* Build configuration list for PBXProject "RXReAFNetworkingExample" */ = {
			isa = XCConfigurationList;
			buildConfigurations = (
				C9EB19061CBFD93600340663 /* Debug */,
				C9EB19071CBFD93600340663 /* Release */,
			);
			defaultConfigurationIsVisible = 0;
			defaultConfigurationName = Release;
		};
		C9EB19081CBFD93600340663 /* Build configuration list for PBXNativeTarget "RXReAFNetworkingExample" */ = {
			isa = XCConfigurationList;
			buildConfigurations = (
				C9EB19091CBFD93600340663 /* Debug */,
				C9EB190A1CBFD93600340663 /* Release */,
			);
			defaultConfigurationIsVisible = 0;
			defaultConfigurationName = Release;
		};
/* End XCConfigurationList section */
	};
	rootObject = C9EB18E91CBFD93600340663 /* Project object */;
}
